
Microsoft Visual Studio Solution File, Format Version 12.00
# Visual Studio 2012
Project("{D954291E-2A0B-460D-934E-DC6B0785DB48}") = "FindMyBeer", "FindMyBeer\FindMyBeer.shproj", "{8570D820-776C-4016-8F71-D6532516358E}"
EndProject
Project("{FAE04EC0-301F-11D3-BF4B-00C04F79EFBC}") = "FindMyBeer.iOS", "iOS\FindMyBeer.iOS.csproj", "{58180A1B-C7EC-4570-A4E4-471E0F01F2AA}"
EndProject
Project("{FAE04EC0-301F-11D3-BF4B-00C04F79EFBC}") = "FindMyBeer.Droid", "Droid\FindMyBeer.Droid.csproj", "{578B0732-5C5B-452F-B568-8C129E701AB4}"
EndProject
Global
	GlobalSection(SolutionConfigurationPlatforms) = preSolution
		Debug|iPhoneSimulator = Debug|iPhoneSimulator
		Release|iPhone = Release|iPhone
		Release|iPhoneSimulator = Release|iPhoneSimulator
		Debug|iPhone = Debug|iPhone
		Debug|Any CPU = Debug|Any CPU
		Release|Any CPU = Release|Any CPU
	EndGlobalSection
	GlobalSection(ProjectConfigurationPlatforms) = postSolution
		{58180A1B-C7EC-4570-A4E4-471E0F01F2AA}.Debug|iPhoneSimulator.ActiveCfg = Debug|iPhoneSimulator
		{58180A1B-C7EC-4570-A4E4-471E0F01F2AA}.Debug|iPhoneSimulator.Build.0 = Debug|iPhoneSimulator
		{58180A1B-C7EC-4570-A4E4-471E0F01F2AA}.Release|iPhone.ActiveCfg = Release|iPhone
		{58180A1B-C7EC-4570-A4E4-471E0F01F2AA}.Release|iPhone.Build.0 = Release|iPhone
		{58180A1B-C7EC-4570-A4E4-471E0F01F2AA}.Release|iPhoneSimulator.ActiveCfg = Release|iPhoneSimulator
		{58180A1B-C7EC-4570-A4E4-471E0F01F2AA}.Release|iPhoneSimulator.Build.0 = Release|iPhoneSimulator
		{58180A1B-C7EC-4570-A4E4-471E0F01F2AA}.Debug|iPhone.ActiveCfg = Debug|iPhone
		{58180A1B-C7EC-4570-A4E4-471E0F01F2AA}.Debug|iPhone.Build.0 = Debug|iPhone
		{58180A1B-C7EC-4570-A4E4-471E0F01F2AA}.Debug|Any CPU.ActiveCfg = Debug|iPhoneSimulator
		{58180A1B-C7EC-4570-A4E4-471E0F01F2AA}.Debug|Any CPU.Build.0 = Debug|iPhoneSimulator
		{58180A1B-C7EC-4570-A4E4-471E0F01F2AA}.Release|Any CPU.ActiveCfg = Release|iPhone
		{58180A1B-C7EC-4570-A4E4-471E0F01F2AA}.Release|Any CPU.Build.0 = Release|iPhone
		{578B0732-5C5B-452F-B568-8C129E701AB4}.Debug|iPhoneSimulator.ActiveCfg = Debug|Any CPU
		{578B0732-5C5B-452F-B568-8C129E701AB4}.Debug|iPhoneSimulator.Build.0 = Debug|Any CPU
		{578B0732-5C5B-452F-B568-8C129E701AB4}.Release|iPhone.ActiveCfg = Release|Any CPU
		{578B0732-5C5B-452F-B568-8C129E701AB4}.Release|iPhone.Build.0 = Release|Any CPU
		{578B0732-5C5B-452F-B568-8C129E701AB4}.Release|iPhoneSimulator.ActiveCfg = Release|Any CPU
		{578B0732-5C5B-452F-B568-8C129E701AB4}.Release|iPhoneSimulator.Build.0 = Release|Any CPU
		{578B0732-5C5B-452F-B568-8C129E701AB4}.Debug|iPhone.ActiveCfg = Debug|Any CPU
		{578B0732-5C5B-452F-B568-8C129E701AB4}.Debug|iPhone.Build.0 = Debug|Any CPU
		{578B0732-5C5B-452F-B568-8C129E701AB4}.Debug|Any CPU.ActiveCfg = Debug|Any CPU
		{578B0732-5C5B-452F-B568-8C129E701AB4}.Debug|Any CPU.Build.0 = Debug|Any CPU
		{578B0732-5C5B-452F-B568-8C129E701AB4}.Release|Any CPU.ActiveCfg = Release|Any CPU
		{578B0732-5C5B-452F-B568-8C129E701AB4}.Release|Any CPU.Build.0 = Release|Any CPU
	EndGlobalSection
EndGlobal
